
Microsoft Visual Studio Solution File, Format Version 12.00
# Visual Studio Version 17
VisualStudioVersion = 17.5.33516.290
MinimumVisualStudioVersion = 10.0.40219.1
Project("{2150E333-8FDC-42A3-9474-1A3956D46DE8}") = "Services", "Services", "{9689138C-307E-4F92-811D-3D172CDE5D28}"
EndProject
Project("{2150E333-8FDC-42A3-9474-1A3956D46DE8}") = "Catalog", "Catalog", "{141BEB0F-1BC9-4B95-9556-21C7FB1BD374}"
EndProject
Project("{9A19103F-16F7-4668-BE54-9A1E7A4F7556}") = "Catalog.API", "Services\Catalog\Catalog.API\Catalog.API.csproj", "{9598FBAB-3A41-4B8D-8EF1-86A93B5A65F5}"
EndProject
Project("{2150E333-8FDC-42A3-9474-1A3956D46DE8}") = "BuildingBlock", "BuildingBlock", "{65154521-4FC0-474D-A31E-658879115D4F}"
EndProject
Project("{9A19103F-16F7-4668-BE54-9A1E7A4F7556}") = "BuildingBlock", "BuildingBlocks\BuildingBlock\BuildingBlock.csproj", "{3E74DEB7-B670-43A1-A670-3F3578A604B2}"
EndProject
Project("{E53339B2-1760-4266-BCC7-CA923CBCF16C}") = "docker-compose", "docker-compose.dcproj", "{212114F0-5A25-47AC-A666-72D0132FFB42}"
EndProject
Global
	GlobalSection(SolutionConfigurationPlatforms) = preSolution
		Debug|Any CPU = Debug|Any CPU
		Release|Any CPU = Release|Any CPU
	EndGlobalSection
	GlobalSection(ProjectConfigurationPlatforms) = postSolution
		{9598FBAB-3A41-4B8D-8EF1-86A93B5A65F5}.Debug|Any CPU.ActiveCfg = Debug|Any CPU
		{9598FBAB-3A41-4B8D-8EF1-86A93B5A65F5}.Debug|Any CPU.Build.0 = Debug|Any CPU
		{9598FBAB-3A41-4B8D-8EF1-86A93B5A65F5}.Release|Any CPU.ActiveCfg = Release|Any CPU
		{9598FBAB-3A41-4B8D-8EF1-86A93B5A65F5}.Release|Any CPU.Build.0 = Release|Any CPU
		{3E74DEB7-B670-43A1-A670-3F3578A604B2}.Debug|Any CPU.ActiveCfg = Debug|Any CPU
		{3E74DEB7-B670-43A1-A670-3F3578A604B2}.Debug|Any CPU.Build.0 = Debug|Any CPU
		{3E74DEB7-B670-43A1-A670-3F3578A604B2}.Release|Any CPU.ActiveCfg = Release|Any CPU
		{3E74DEB7-B670-43A1-A670-3F3578A604B2}.Release|Any CPU.Build.0 = Release|Any CPU
		{212114F0-5A25-47AC-A666-72D0132FFB42}.Debug|Any CPU.ActiveCfg = Debug|Any CPU
		{212114F0-5A25-47AC-A666-72D0132FFB42}.Debug|Any CPU.Build.0 = Debug|Any CPU
		{212114F0-5A25-47AC-A666-72D0132FFB42}.Release|Any CPU.ActiveCfg = Release|Any CPU
		{212114F0-5A25-47AC-A666-72D0132FFB42}.Release|Any CPU.Build.0 = Release|Any CPU
	EndGlobalSection
	GlobalSection(SolutionProperties) = preSolution
		HideSolutionNode = FALSE
	EndGlobalSection
	GlobalSection(NestedProjects) = preSolution
		{141BEB0F-1BC9-4B95-9556-21C7FB1BD374} = {9689138C-307E-4F92-811D-3D172CDE5D28}
		{9598FBAB-3A41-4B8D-8EF1-86A93B5A65F5} = {141BEB0F-1BC9-4B95-9556-21C7FB1BD374}
		{3E74DEB7-B670-43A1-A670-3F3578A604B2} = {65154521-4FC0-474D-A31E-658879115D4F}
	EndGlobalSection
	GlobalSection(ExtensibilityGlobals) = postSolution
		SolutionGuid = {1105D516-B9B6-4485-B162-67007E152E00}
	EndGlobalSection
EndGlobal
